
Microsoft Visual Studio Solution File, Format Version 12.00
# Visual Studio 15
VisualStudioVersion = 15.0.26430.16
MinimumVisualStudioVersion = 10.0.40219.1
Project("{FAE04EC0-301F-11D3-BF4B-00C04F79EFBC}") = "TaskBatcher", "TaskBatcher.csproj", "{07689F8E-C953-405B-8967-8F23B51BC861}"
EndProject
Project("{54435603-DBB4-11D2-8724-00A0C9A8B90C}") = "InstallTaskBatcher", "..\InstallTaskBatcher\InstallTaskBatcher.vdproj", "{BDE4AFEA-97BB-423D-9196-FA047F236BA0}"
EndProject
Global
	GlobalSection(SolutionConfigurationPlatforms) = preSolution
		Debug|Any CPU = Debug|Any CPU
		Release|Any CPU = Release|Any CPU
	EndGlobalSection
	GlobalSection(ProjectConfigurationPlatforms) = postSolution
		{07689F8E-C953-405B-8967-8F23B51BC861}.Debug|Any CPU.ActiveCfg = Debug|Any CPU
		{07689F8E-C953-405B-8967-8F23B51BC861}.Debug|Any CPU.Build.0 = Debug|Any CPU
		{07689F8E-C953-405B-8967-8F23B51BC861}.Release|Any CPU.ActiveCfg = Release|Any CPU
		{07689F8E-C953-405B-8967-8F23B51BC861}.Release|Any CPU.Build.0 = Release|Any CPU
		{BDE4AFEA-97BB-423D-9196-FA047F236BA0}.Debug|Any CPU.ActiveCfg = Debug
		{BDE4AFEA-97BB-423D-9196-FA047F236BA0}.Release|Any CPU.ActiveCfg = Release
	EndGlobalSection
	GlobalSection(SolutionProperties) = preSolution
		HideSolutionNode = FALSE
	EndGlobalSection
	GlobalSection(ExtensibilityGlobals) = postSolution
		SolutionGuid = {12ED805A-3D68-41FE-86D6-6B2DEBFF0A23}
	EndGlobalSection
EndGlobal
